{
  "version": "1",
  "sources": {
    "nixpkgs": {
      "type": "GitHub",
      "fetchType": "tarball",
      "owner": "nixos",
      "repo": "nixpkgs",
      "branch": "nixos-unstable",
      "revision": "7a0f122f5090cf4c2ade2a13a0e229d4e19ba71f",
      "url": "https://github.com/nixos/nixpkgs/archive/7a0f122f5090cf4c2ade2a13a0e229d4e19ba71f.tar.gz",
      "hash": "sha256-ZoxIApko70jCdbH3l20HWXOBaT2HZd87orzd2yJ9dVE="
    }
  }
}
